
Microsoft Visual Studio Solution File, Format Version 12.00
# Visual Studio Version 17
VisualStudioVersion = 17.14.37111.16 d17.14
MinimumVisualStudioVersion = 10.0.40219.1
Project("{FAE04EC0-301F-11D3-BF4B-00C04F79EFBC}") = "Kyrsova", "Kyrsova\Kyrsova.csproj", "{4D21ACF0-E564-4784-BB5D-242FB1B7FEC9}"
EndProject
Global
	GlobalSection(SolutionConfigurationPlatforms) = preSolution
		Debug|Any CPU = Debug|Any CPU
		Release|Any CPU = Release|Any CPU
	EndGlobalSection
	GlobalSection(ProjectConfigurationPlatforms) = postSolution
		{4D21ACF0-E564-4784-BB5D-242FB1B7FEC9}.Debug|Any CPU.ActiveCfg = Debug|Any CPU
		{4D21ACF0-E564-4784-BB5D-242FB1B7FEC9}.Debug|Any CPU.Build.0 = Debug|Any CPU
		{4D21ACF0-E564-4784-BB5D-242FB1B7FEC9}.Release|Any CPU.ActiveCfg = Release|Any CPU
		{4D21ACF0-E564-4784-BB5D-242FB1B7FEC9}.Release|Any CPU.Build.0 = Release|Any CPU
	EndGlobalSection
	GlobalSection(SolutionProperties) = preSolution
		HideSolutionNode = FALSE
	EndGlobalSection
	GlobalSection(ExtensibilityGlobals) = postSolution
		SolutionGuid = {8384ACDE-CCD2-4BE2-859F-8ADD512C80C8}
	EndGlobalSection
EndGlobal
